
Microsoft Visual Studio Solution File, Format Version 12.00
# Visual Studio 14
VisualStudioVersion = 14.0.25123.0
MinimumVisualStudioVersion = 10.0.40219.1
Project("{FAE04EC0-301F-11D3-BF4B-00C04F79EFBC}") = "DotaStore.Domain", "DotaStore.Domain\DotaStore.Domain.csproj", "{D8F0799E-C619-46A7-830D-48CBA0B7B6B5}"
EndProject
Project("{FAE04EC0-301F-11D3-BF4B-00C04F79EFBC}") = "DotaStore.UnitTests", "DotaStore.UnitTests\DotaStore.UnitTests.csproj", "{A97C7759-DE6F-4F58-8F58-533D4F2092F6}"
EndProject
Project("{FAE04EC0-301F-11D3-BF4B-00C04F79EFBC}") = "DotaStore.UI", "DotaStore.UI\DotaStore.UI.csproj", "{1B7E7D78-D898-40FD-8207-3762C47EB350}"
EndProject
Global
	GlobalSection(SolutionConfigurationPlatforms) = preSolution
		Debug|Any CPU = Debug|Any CPU
		Release|Any CPU = Release|Any CPU
	EndGlobalSection
	GlobalSection(ProjectConfigurationPlatforms) = postSolution
		{D8F0799E-C619-46A7-830D-48CBA0B7B6B5}.Debug|Any CPU.ActiveCfg = Debug|Any CPU
		{D8F0799E-C619-46A7-830D-48CBA0B7B6B5}.Debug|Any CPU.Build.0 = Debug|Any CPU
		{D8F0799E-C619-46A7-830D-48CBA0B7B6B5}.Release|Any CPU.ActiveCfg = Release|Any CPU
		{D8F0799E-C619-46A7-830D-48CBA0B7B6B5}.Release|Any CPU.Build.0 = Release|Any CPU
		{A97C7759-DE6F-4F58-8F58-533D4F2092F6}.Debug|Any CPU.ActiveCfg = Debug|Any CPU
		{A97C7759-DE6F-4F58-8F58-533D4F2092F6}.Debug|Any CPU.Build.0 = Debug|Any CPU
		{A97C7759-DE6F-4F58-8F58-533D4F2092F6}.Release|Any CPU.ActiveCfg = Release|Any CPU
		{A97C7759-DE6F-4F58-8F58-533D4F2092F6}.Release|Any CPU.Build.0 = Release|Any CPU
		{1B7E7D78-D898-40FD-8207-3762C47EB350}.Debug|Any CPU.ActiveCfg = Debug|Any CPU
		{1B7E7D78-D898-40FD-8207-3762C47EB350}.Debug|Any CPU.Build.0 = Debug|Any CPU
		{1B7E7D78-D898-40FD-8207-3762C47EB350}.Release|Any CPU.ActiveCfg = Release|Any CPU
		{1B7E7D78-D898-40FD-8207-3762C47EB350}.Release|Any CPU.Build.0 = Release|Any CPU
	EndGlobalSection
	GlobalSection(SolutionProperties) = preSolution
		HideSolutionNode = FALSE
	EndGlobalSection
EndGlobal
